
Microsoft Visual Studio Solution File, Format Version 12.00
# Visual Studio Version 17
VisualStudioVersion = 17.4.33213.308
MinimumVisualStudioVersion = 10.0.40219.1
Project("{FAE04EC0-301F-11D3-BF4B-00C04F79EFBC}") = "Polymorphism", "Polymorphism\Polymorphism.csproj", "{10565261-1CC7-4CE0-BE1D-F17854E1765C}"
EndProject
Global
	GlobalSection(SolutionConfigurationPlatforms) = preSolution
		Debug|Any CPU = Debug|Any CPU
		Release|Any CPU = Release|Any CPU
	EndGlobalSection
	GlobalSection(ProjectConfigurationPlatforms) = postSolution
		{10565261-1CC7-4CE0-BE1D-F17854E1765C}.Debug|Any CPU.ActiveCfg = Debug|Any CPU
		{10565261-1CC7-4CE0-BE1D-F17854E1765C}.Debug|Any CPU.Build.0 = Debug|Any CPU
		{10565261-1CC7-4CE0-BE1D-F17854E1765C}.Release|Any CPU.ActiveCfg = Release|Any CPU
		{10565261-1CC7-4CE0-BE1D-F17854E1765C}.Release|Any CPU.Build.0 = Release|Any CPU
	EndGlobalSection
	GlobalSection(SolutionProperties) = preSolution
		HideSolutionNode = FALSE
	EndGlobalSection
	GlobalSection(ExtensibilityGlobals) = postSolution
		SolutionGuid = {88A788F8-F1EA-4135-929B-C94842D20E1C}
	EndGlobalSection
EndGlobal
